
Microsoft Visual Studio Solution File, Format Version 12.00
# Visual Studio 15
VisualStudioVersion = 15.0.27703.2018
MinimumVisualStudioVersion = 10.0.40219.1
Project("{FAE04EC0-301F-11D3-BF4B-00C04F79EFBC}") = "Core", "Core\Core.csproj", "{53B1862B-0AA7-47EA-A28F-C9A8783067D8}"
EndProject
Project("{FAE04EC0-301F-11D3-BF4B-00C04F79EFBC}") = "EntityFramework", "EntityFramework\EntityFramework.csproj", "{4CE120C8-D6DA-478C-9139-E77FDB8C4986}"
EndProject
Project("{FAE04EC0-301F-11D3-BF4B-00C04F79EFBC}") = "Vista", "Vista\Vista.csproj", "{E3FA97F1-5593-4A31-9F80-08080947E38A}"
EndProject
Project("{FAE04EC0-301F-11D3-BF4B-00C04F79EFBC}") = "Controlador", "Controlador\Controlador.csproj", "{24D2531E-0110-4BB6-A0EA-8E73F85B8B4F}"
EndProject
Global
	GlobalSection(SolutionConfigurationPlatforms) = preSolution
		Debug|Any CPU = Debug|Any CPU
		Release|Any CPU = Release|Any CPU
	EndGlobalSection
	GlobalSection(ProjectConfigurationPlatforms) = postSolution
		{53B1862B-0AA7-47EA-A28F-C9A8783067D8}.Debug|Any CPU.ActiveCfg = Debug|Any CPU
		{53B1862B-0AA7-47EA-A28F-C9A8783067D8}.Debug|Any CPU.Build.0 = Debug|Any CPU
		{53B1862B-0AA7-47EA-A28F-C9A8783067D8}.Release|Any CPU.ActiveCfg = Release|Any CPU
		{53B1862B-0AA7-47EA-A28F-C9A8783067D8}.Release|Any CPU.Build.0 = Release|Any CPU
		{4CE120C8-D6DA-478C-9139-E77FDB8C4986}.Debug|Any CPU.ActiveCfg = Debug|Any CPU
		{4CE120C8-D6DA-478C-9139-E77FDB8C4986}.Debug|Any CPU.Build.0 = Debug|Any CPU
		{4CE120C8-D6DA-478C-9139-E77FDB8C4986}.Release|Any CPU.ActiveCfg = Release|Any CPU
		{4CE120C8-D6DA-478C-9139-E77FDB8C4986}.Release|Any CPU.Build.0 = Release|Any CPU
		{E3FA97F1-5593-4A31-9F80-08080947E38A}.Debug|Any CPU.ActiveCfg = Debug|Any CPU
		{E3FA97F1-5593-4A31-9F80-08080947E38A}.Debug|Any CPU.Build.0 = Debug|Any CPU
		{E3FA97F1-5593-4A31-9F80-08080947E38A}.Release|Any CPU.ActiveCfg = Release|Any CPU
		{E3FA97F1-5593-4A31-9F80-08080947E38A}.Release|Any CPU.Build.0 = Release|Any CPU
		{24D2531E-0110-4BB6-A0EA-8E73F85B8B4F}.Debug|Any CPU.ActiveCfg = Debug|Any CPU
		{24D2531E-0110-4BB6-A0EA-8E73F85B8B4F}.Debug|Any CPU.Build.0 = Debug|Any CPU
		{24D2531E-0110-4BB6-A0EA-8E73F85B8B4F}.Release|Any CPU.ActiveCfg = Release|Any CPU
		{24D2531E-0110-4BB6-A0EA-8E73F85B8B4F}.Release|Any CPU.Build.0 = Release|Any CPU
	EndGlobalSection
	GlobalSection(SolutionProperties) = preSolution
		HideSolutionNode = FALSE
	EndGlobalSection
	GlobalSection(ExtensibilityGlobals) = postSolution
		SolutionGuid = {83EFDFA8-E3CC-4536-8A90-0825A1EB75C7}
	EndGlobalSection
EndGlobal
